
Microsoft Visual Studio Solution File, Format Version 12.00
# Visual Studio Version 17
VisualStudioVersion = 17.5.33414.496
MinimumVisualStudioVersion = 10.0.40219.1
Project("{888888A0-9F3D-457C-B088-3A5042F75D52}") = "ruut", "ruut\ruut.pyproj", "{FE0242E7-1A2F-4487-9C43-62B4C95C0C69}"
EndProject
Global
	GlobalSection(SolutionConfigurationPlatforms) = preSolution
		Debug|Any CPU = Debug|Any CPU
		Release|Any CPU = Release|Any CPU
	EndGlobalSection
	GlobalSection(ProjectConfigurationPlatforms) = postSolution
		{FE0242E7-1A2F-4487-9C43-62B4C95C0C69}.Debug|Any CPU.ActiveCfg = Debug|Any CPU
		{FE0242E7-1A2F-4487-9C43-62B4C95C0C69}.Release|Any CPU.ActiveCfg = Release|Any CPU
	EndGlobalSection
	GlobalSection(SolutionProperties) = preSolution
		HideSolutionNode = FALSE
	EndGlobalSection
	GlobalSection(ExtensibilityGlobals) = postSolution
		SolutionGuid = {1BD0EB59-90B1-4EAF-B2EC-DD1B26508B1C}
	EndGlobalSection
EndGlobal
